
Microsoft Visual Studio Solution File, Format Version 12.00
# Visual Studio Version 17
VisualStudioVersion = 17.0.31903.59
MinimumVisualStudioVersion = 10.0.40219.1
Project("{FAE04EC0-301F-11D3-BF4B-00C04F79EFBC}") = "Web.API", "Web.API\Web.API.csproj", "{2D10BC5F-0945-494D-81DE-6E07DB7D47AB}"
EndProject
Project("{FAE04EC0-301F-11D3-BF4B-00C04F79EFBC}") = "Application", "Application\Application.csproj", "{D2320935-8470-4910-AC28-577906ABC3BA}"
EndProject
Project("{FAE04EC0-301F-11D3-BF4B-00C04F79EFBC}") = "Infrastructure", "Infrastructure\Infrastructure.csproj", "{D2E65E75-5AD6-414C-A658-C5812F5E6E8D}"
EndProject
Project("{FAE04EC0-301F-11D3-BF4B-00C04F79EFBC}") = "Domain", "Domain\Domain.csproj", "{FA010E15-471B-4609-BDDD-CC7A4749C5BF}"
EndProject
Global
	GlobalSection(SolutionConfigurationPlatforms) = preSolution
		Debug|Any CPU = Debug|Any CPU
		Release|Any CPU = Release|Any CPU
	EndGlobalSection
	GlobalSection(SolutionProperties) = preSolution
		HideSolutionNode = FALSE
	EndGlobalSection
	GlobalSection(ProjectConfigurationPlatforms) = postSolution
		{2D10BC5F-0945-494D-81DE-6E07DB7D47AB}.Debug|Any CPU.ActiveCfg = Debug|Any CPU
		{2D10BC5F-0945-494D-81DE-6E07DB7D47AB}.Debug|Any CPU.Build.0 = Debug|Any CPU
		{2D10BC5F-0945-494D-81DE-6E07DB7D47AB}.Release|Any CPU.ActiveCfg = Release|Any CPU
		{2D10BC5F-0945-494D-81DE-6E07DB7D47AB}.Release|Any CPU.Build.0 = Release|Any CPU
		{D2320935-8470-4910-AC28-577906ABC3BA}.Debug|Any CPU.ActiveCfg = Debug|Any CPU
		{D2320935-8470-4910-AC28-577906ABC3BA}.Debug|Any CPU.Build.0 = Debug|Any CPU
		{D2320935-8470-4910-AC28-577906ABC3BA}.Release|Any CPU.ActiveCfg = Release|Any CPU
		{D2320935-8470-4910-AC28-577906ABC3BA}.Release|Any CPU.Build.0 = Release|Any CPU
		{D2E65E75-5AD6-414C-A658-C5812F5E6E8D}.Debug|Any CPU.ActiveCfg = Debug|Any CPU
		{D2E65E75-5AD6-414C-A658-C5812F5E6E8D}.Debug|Any CPU.Build.0 = Debug|Any CPU
		{D2E65E75-5AD6-414C-A658-C5812F5E6E8D}.Release|Any CPU.ActiveCfg = Release|Any CPU
		{D2E65E75-5AD6-414C-A658-C5812F5E6E8D}.Release|Any CPU.Build.0 = Release|Any CPU
		{FA010E15-471B-4609-BDDD-CC7A4749C5BF}.Debug|Any CPU.ActiveCfg = Debug|Any CPU
		{FA010E15-471B-4609-BDDD-CC7A4749C5BF}.Debug|Any CPU.Build.0 = Debug|Any CPU
		{FA010E15-471B-4609-BDDD-CC7A4749C5BF}.Release|Any CPU.ActiveCfg = Release|Any CPU
		{FA010E15-471B-4609-BDDD-CC7A4749C5BF}.Release|Any CPU.Build.0 = Release|Any CPU
	EndGlobalSection
EndGlobal
